
Microsoft Visual Studio Solution File, Format Version 12.00
# Visual Studio Version 17
VisualStudioVersion = 17.14.36915.13
MinimumVisualStudioVersion = 10.0.40219.1
Project("{FAE04EC0-301F-11D3-BF4B-00C04F79EFBC}") = "Generator", "Generator\Generator.csproj", "{3F7D0A98-D9A8-474E-8D6D-5FBE87443A87}"
EndProject
Project("{FAE04EC0-301F-11D3-BF4B-00C04F79EFBC}") = "Sorter", "Sorter\Sorter.csproj", "{4FD57649-E28C-4ED4-ADE7-3B990082DFE3}"
EndProject
Project("{FAE04EC0-301F-11D3-BF4B-00C04F79EFBC}") = "BusinessLogic", "BusinessLogic\BusinessLogic.csproj", "{F5DAAD40-7C19-47D6-AF19-5AE7F85372EA}"
EndProject
Project("{FAE04EC0-301F-11D3-BF4B-00C04F79EFBC}") = "Infrastructure", "Infrastructure\Infrastructure.csproj", "{66A80A44-CB85-478F-9776-8847B074EFE2}"
EndProject
Project("{FAE04EC0-301F-11D3-BF4B-00C04F79EFBC}") = "Services.Tests", "..\..\tests\services\Services.Tests.csproj", "{A252A1E7-F472-46D0-B6EE-F9F6C5F51131}"
EndProject
Global
	GlobalSection(SolutionConfigurationPlatforms) = preSolution
		Debug|Any CPU = Debug|Any CPU
		Debug|x64 = Debug|x64
		Debug|x86 = Debug|x86
		Release|Any CPU = Release|Any CPU
		Release|x64 = Release|x64
		Release|x86 = Release|x86
	EndGlobalSection
	GlobalSection(ProjectConfigurationPlatforms) = postSolution
		{3F7D0A98-D9A8-474E-8D6D-5FBE87443A87}.Debug|Any CPU.ActiveCfg = Debug|Any CPU
		{3F7D0A98-D9A8-474E-8D6D-5FBE87443A87}.Debug|Any CPU.Build.0 = Debug|Any CPU
		{3F7D0A98-D9A8-474E-8D6D-5FBE87443A87}.Debug|x64.ActiveCfg = Debug|Any CPU
		{3F7D0A98-D9A8-474E-8D6D-5FBE87443A87}.Debug|x64.Build.0 = Debug|Any CPU
		{3F7D0A98-D9A8-474E-8D6D-5FBE87443A87}.Debug|x86.ActiveCfg = Debug|Any CPU
		{3F7D0A98-D9A8-474E-8D6D-5FBE87443A87}.Debug|x86.Build.0 = Debug|Any CPU
		{3F7D0A98-D9A8-474E-8D6D-5FBE87443A87}.Release|Any CPU.ActiveCfg = Release|Any CPU
		{3F7D0A98-D9A8-474E-8D6D-5FBE87443A87}.Release|Any CPU.Build.0 = Release|Any CPU
		{3F7D0A98-D9A8-474E-8D6D-5FBE87443A87}.Release|x64.ActiveCfg = Release|Any CPU
		{3F7D0A98-D9A8-474E-8D6D-5FBE87443A87}.Release|x64.Build.0 = Release|Any CPU
		{3F7D0A98-D9A8-474E-8D6D-5FBE87443A87}.Release|x86.ActiveCfg = Release|Any CPU
		{3F7D0A98-D9A8-474E-8D6D-5FBE87443A87}.Release|x86.Build.0 = Release|Any CPU
		{4FD57649-E28C-4ED4-ADE7-3B990082DFE3}.Debug|Any CPU.ActiveCfg = Debug|Any CPU
		{4FD57649-E28C-4ED4-ADE7-3B990082DFE3}.Debug|Any CPU.Build.0 = Debug|Any CPU
		{4FD57649-E28C-4ED4-ADE7-3B990082DFE3}.Debug|x64.ActiveCfg = Debug|Any CPU
		{4FD57649-E28C-4ED4-ADE7-3B990082DFE3}.Debug|x64.Build.0 = Debug|Any CPU
		{4FD57649-E28C-4ED4-ADE7-3B990082DFE3}.Debug|x86.ActiveCfg = Debug|Any CPU
		{4FD57649-E28C-4ED4-ADE7-3B990082DFE3}.Debug|x86.Build.0 = Debug|Any CPU
		{4FD57649-E28C-4ED4-ADE7-3B990082DFE3}.Release|Any CPU.ActiveCfg = Release|Any CPU
		{4FD57649-E28C-4ED4-ADE7-3B990082DFE3}.Release|Any CPU.Build.0 = Release|Any CPU
		{4FD57649-E28C-4ED4-ADE7-3B990082DFE3}.Release|x64.ActiveCfg = Release|Any CPU
		{4FD57649-E28C-4ED4-ADE7-3B990082DFE3}.Release|x64.Build.0 = Release|Any CPU
		{4FD57649-E28C-4ED4-ADE7-3B990082DFE3}.Release|x86.ActiveCfg = Release|Any CPU
		{4FD57649-E28C-4ED4-ADE7-3B990082DFE3}.Release|x86.Build.0 = Release|Any CPU
		{F5DAAD40-7C19-47D6-AF19-5AE7F85372EA}.Debug|Any CPU.ActiveCfg = Debug|Any CPU
		{F5DAAD40-7C19-47D6-AF19-5AE7F85372EA}.Debug|Any CPU.Build.0 = Debug|Any CPU
		{F5DAAD40-7C19-47D6-AF19-5AE7F85372EA}.Debug|x64.ActiveCfg = Debug|Any CPU
		{F5DAAD40-7C19-47D6-AF19-5AE7F85372EA}.Debug|x64.Build.0 = Debug|Any CPU
		{F5DAAD40-7C19-47D6-AF19-5AE7F85372EA}.Debug|x86.ActiveCfg = Debug|Any CPU
		{F5DAAD40-7C19-47D6-AF19-5AE7F85372EA}.Debug|x86.Build.0 = Debug|Any CPU
		{F5DAAD40-7C19-47D6-AF19-5AE7F85372EA}.Release|Any CPU.ActiveCfg = Release|Any CPU
		{F5DAAD40-7C19-47D6-AF19-5AE7F85372EA}.Release|Any CPU.Build.0 = Release|Any CPU
		{F5DAAD40-7C19-47D6-AF19-5AE7F85372EA}.Release|x64.ActiveCfg = Release|Any CPU
		{F5DAAD40-7C19-47D6-AF19-5AE7F85372EA}.Release|x64.Build.0 = Release|Any CPU
		{F5DAAD40-7C19-47D6-AF19-5AE7F85372EA}.Release|x86.ActiveCfg = Release|Any CPU
		{F5DAAD40-7C19-47D6-AF19-5AE7F85372EA}.Release|x86.Build.0 = Release|Any CPU
		{66A80A44-CB85-478F-9776-8847B074EFE2}.Debug|Any CPU.ActiveCfg = Debug|Any CPU
		{66A80A44-CB85-478F-9776-8847B074EFE2}.Debug|Any CPU.Build.0 = Debug|Any CPU
		{66A80A44-CB85-478F-9776-8847B074EFE2}.Debug|x64.ActiveCfg = Debug|Any CPU
		{66A80A44-CB85-478F-9776-8847B074EFE2}.Debug|x64.Build.0 = Debug|Any CPU
		{66A80A44-CB85-478F-9776-8847B074EFE2}.Debug|x86.ActiveCfg = Debug|Any CPU
		{66A80A44-CB85-478F-9776-8847B074EFE2}.Debug|x86.Build.0 = Debug|Any CPU
		{66A80A44-CB85-478F-9776-8847B074EFE2}.Release|Any CPU.ActiveCfg = Release|Any CPU
		{66A80A44-CB85-478F-9776-8847B074EFE2}.Release|Any CPU.Build.0 = Release|Any CPU
		{66A80A44-CB85-478F-9776-8847B074EFE2}.Release|x64.ActiveCfg = Release|Any CPU
		{66A80A44-CB85-478F-9776-8847B074EFE2}.Release|x64.Build.0 = Release|Any CPU
		{66A80A44-CB85-478F-9776-8847B074EFE2}.Release|x86.ActiveCfg = Release|Any CPU
		{66A80A44-CB85-478F-9776-8847B074EFE2}.Release|x86.Build.0 = Release|Any CPU
		{A252A1E7-F472-46D0-B6EE-F9F6C5F51131}.Debug|Any CPU.ActiveCfg = Debug|Any CPU
		{A252A1E7-F472-46D0-B6EE-F9F6C5F51131}.Debug|Any CPU.Build.0 = Debug|Any CPU
		{A252A1E7-F472-46D0-B6EE-F9F6C5F51131}.Debug|x64.ActiveCfg = Debug|Any CPU
		{A252A1E7-F472-46D0-B6EE-F9F6C5F51131}.Debug|x64.Build.0 = Debug|Any CPU
		{A252A1E7-F472-46D0-B6EE-F9F6C5F51131}.Debug|x86.ActiveCfg = Debug|Any CPU
		{A252A1E7-F472-46D0-B6EE-F9F6C5F51131}.Debug|x86.Build.0 = Debug|Any CPU
		{A252A1E7-F472-46D0-B6EE-F9F6C5F51131}.Release|Any CPU.ActiveCfg = Release|Any CPU
		{A252A1E7-F472-46D0-B6EE-F9F6C5F51131}.Release|Any CPU.Build.0 = Release|Any CPU
		{A252A1E7-F472-46D0-B6EE-F9F6C5F51131}.Release|x64.ActiveCfg = Release|Any CPU
		{A252A1E7-F472-46D0-B6EE-F9F6C5F51131}.Release|x64.Build.0 = Release|Any CPU
		{A252A1E7-F472-46D0-B6EE-F9F6C5F51131}.Release|x86.ActiveCfg = Release|Any CPU
		{A252A1E7-F472-46D0-B6EE-F9F6C5F51131}.Release|x86.Build.0 = Release|Any CPU
	EndGlobalSection
	GlobalSection(SolutionProperties) = preSolution
		HideSolutionNode = FALSE
	EndGlobalSection
	GlobalSection(ExtensibilityGlobals) = postSolution
		SolutionGuid = {4885ACCE-7971-4E92-AA22-CF457FF94BA0}
	EndGlobalSection
EndGlobal
